{
  "name": "blog",
  "version": "1.0.0",
  "lockfileVersion": 2,
  "requires": true,
  "packages": {
    "": {
      "name": "blog",
      "version": "1.0.0",
      "license": "ISC",
      "dependencies": {
        "bear-cursor-follower": "^1.0.0"
      },
      "devDependencies": {
        "@fortawesome/fontawesome-free": "^5.13.1",
        "bulma": "^0.9.0"
      }
    },
    "node_modules/@fortawesome/fontawesome-free": {
      "version": "5.13.1",
      "resolved": "https://registry.npmjs.org/@fortawesome/fontawesome-free/-/fontawesome-free-5.13.1.tgz",
      "integrity": "sha512-D819f34FLHeBN/4xvw0HR0u7U2G7RqjPSggXqf7LktsxWQ48VAfGwvMrhcVuaZV2fF069c/619RdgCCms0DHhw==",
      "dev": true,
      "engines": {
        "node": ">=6"
      }
    },
    "node_modules/bear-cursor-follower": {
      "version": "1.0.0",
      "resolved": "https://registry.npmjs.org/bear-cursor-follower/-/bear-cursor-follower-1.0.0.tgz",
      "integrity": "sha512-WdUF2yCgaBoiNuhB7lTlxHvVo/IW7qWFDfJ6oMJYiCJt0rRnnYxgGRioM4OyPXvqrnwY98I/XQ9oNuAjSBkk1A=="
    },
    "node_modules/bulma": {
      "version": "0.9.0",
      "resolved": "https://registry.npmjs.org/bulma/-/bulma-0.9.0.tgz",
      "integrity": "sha512-rV75CJkubNUroAt0qCRkjznZLoaXq/ctfMXsMvKSL84UetbSyx5REl96e8GoQ04G4Tkw0XF3STECffTOQrbzOQ==",
      "dev": true
    }
  },
  "dependencies": {
    "@fortawesome/fontawesome-free": {
      "version": "5.13.1",
      "resolved": "https://registry.npmjs.org/@fortawesome/fontawesome-free/-/fontawesome-free-5.13.1.tgz",
      "integrity": "sha512-D819f34FLHeBN/4xvw0HR0u7U2G7RqjPSggXqf7LktsxWQ48VAfGwvMrhcVuaZV2fF069c/619RdgCCms0DHhw==",
      "dev": true
    },
    "bear-cursor-follower": {
      "version": "1.0.0",
      "resolved": "https://registry.npmjs.org/bear-cursor-follower/-/bear-cursor-follower-1.0.0.tgz",
      "integrity": "sha512-WdUF2yCgaBoiNuhB7lTlxHvVo/IW7qWFDfJ6oMJYiCJt0rRnnYxgGRioM4OyPXvqrnwY98I/XQ9oNuAjSBkk1A=="
    },
    "bulma": {
      "version": "0.9.0",
      "resolved": "https://registry.npmjs.org/bulma/-/bulma-0.9.0.tgz",
      "integrity": "sha512-rV75CJkubNUroAt0qCRkjznZLoaXq/ctfMXsMvKSL84UetbSyx5REl96e8GoQ04G4Tkw0XF3STECffTOQrbzOQ==",
      "dev": true
    }
  }
}
